// !$*UTF8*$!
{
	archiveVersion = 1;
	classes = {
	};
	objectVersion = 46;
	objects = {

/* Begin PBXBuildFile section */
		43B9113017E6A9C80030A3CE /* COINSMixedFraction.m in Sources */ = {isa = PBXBuildFile; fileRef = 43B9112F17E6A9C80030A3CE /* COINSMixedFraction.m */; };
		43D5319117E42A93001F51DC /* UIKit.framework in Frameworks */ = {isa = PBXBuildFile; fileRef = 43D5319017E42A93001F51DC /* UIKit.framework */; };
		43D5319317E42A93001F51DC /* Foundation.framework in Frameworks */ = {isa = PBXBuildFile; fileRef = 43D5319217E42A93001F51DC /* Foundation.framework */; };
		43D5319517E42A93001F51DC /* CoreGraphics.framework in Frameworks */ = {isa = PBXBuildFile; fileRef = 43D5319417E42A93001F51DC /* CoreGraphics.framework */; };
		43D5319B17E42A93001F51DC /* InfoPlist.strings in Resources */ = {isa = PBXBuildFile; fileRef = 43D5319917E42A93001F51DC /* InfoPlist.strings */; };
		43D5319D17E42A93001F51DC /* main.m in Sources */ = {isa = PBXBuildFile; fileRef = 43D5319C17E42A93001F51DC /* main.m */; };
		43D531A117E42A93001F51DC /* COINSAppDelegate.m in Sources */ = {isa = PBXBuildFile; fileRef = 43D531A017E42A93001F51DC /* COINSAppDelegate.m */; };
		43D531A317E42A93001F51DC /* Default.png in Resources */ = {isa = PBXBuildFile; fileRef = 43D531A217E42A93001F51DC /* Default.png */; };
		43D531A517E42A93001F51DC /* Default@2x.png in Resources */ = {isa = PBXBuildFile; fileRef = 43D531A417E42A93001F51DC /* Default@2x.png */; };
		43D531A717E42A93001F51DC /* Default-568h@2x.png in Resources */ = {isa = PBXBuildFile; fileRef = 43D531A617E42A93001F51DC /* Default-568h@2x.png */; };
		43D531AA17E42A93001F51DC /* MainStoryboard_iPhone.storyboard in Resources */ = {isa = PBXBuildFile; fileRef = 43D531A817E42A93001F51DC /* MainStoryboard_iPhone.storyboard */; };
		43D531AD17E42A93001F51DC /* MainStoryboard_iPad.storyboard in Resources */ = {isa = PBXBuildFile; fileRef = 43D531AB17E42A93001F51DC /* MainStoryboard_iPad.storyboard */; };
		43D531B017E42A93001F51DC /* COINSViewController.m in Sources */ = {isa = PBXBuildFile; fileRef = 43D531AF17E42A93001F51DC /* COINSViewController.m */; };
		43D531B817E42B95001F51DC /* COINSFraction.m in Sources */ = {isa = PBXBuildFile; fileRef = 43D531B717E42B95001F51DC /* COINSFraction.m */; };
		82CB385A17FA8BCD00BA07B1 /* COINSFracState.m in Sources */ = {isa = PBXBuildFile; fileRef = 82CB385917FA8BCD00BA07B1 /* COINSFracState.m */; };
		82CB386017FBB3E900BA07B1 /* COINSFracContext.m in Sources */ = {isa = PBXBuildFile; fileRef = 82CB385F17FBB3E900BA07B1 /* COINSFracContext.m */; };
		82CB386317FBB74B00BA07B1 /* COINSNumeState.m in Sources */ = {isa = PBXBuildFile; fileRef = 82CB386217FBB74B00BA07B1 /* COINSNumeState.m */; };
		82CB386617FBB79200BA07B1 /* COINSDenoState.m in Sources */ = {isa = PBXBuildFile; fileRef = 82CB386517FBB79200BA07B1 /* COINSDenoState.m */; };
		82CB386917FBB7AB00BA07B1 /* COINSPostCalcState.m in Sources */ = {isa = PBXBuildFile; fileRef = 82CB386817FBB7AB00BA07B1 /* COINSPostCalcState.m */; };
		82D0AEC4181A050F00946CB8 /* COINSFracLabel.m in Sources */ = {isa = PBXBuildFile; fileRef = 82D0AEC3181A050F00946CB8 /* COINSFracLabel.m */; };
		82D9AAC318222901002D3158 /* COINSKeyboard.m in Sources */ = {isa = PBXBuildFile; fileRef = 82D9AAC218222901002D3158 /* COINSKeyboard.m */; };
/* End PBXBuildFile section */

/* Begin PBXFileReference section */
		43B9112E17E6A9C80030A3CE /* COINSMixedFraction.h */ = {isa = PBXFileReference; fileEncoding = 4; lastKnownFileType = sourcecode.c.h; path = COINSMixedFraction.h; sourceTree = "<group>"; };
		43B9112F17E6A9C80030A3CE /* COINSMixedFraction.m */ = {isa = PBXFileReference; fileEncoding = 4; lastKnownFileType = sourcecode.c.objc; path = COINSMixedFraction.m; sourceTree = "<group>"; };
		43D5318D17E42A93001F51DC /* FracCalc.app */ = {isa = PBXFileReference; explicitFileType = wrapper.application; includeInIndex = 0; path = FracCalc.app; sourceTree = BUILT_PRODUCTS_DIR; };
		43D5319017E42A93001F51DC /* UIKit.framework */ = {isa = PBXFileReference; lastKnownFileType = wrapper.framework; name = UIKit.framework; path = System/Library/Frameworks/UIKit.framework; sourceTree = SDKROOT; };
		43D5319217E42A93001F51DC /* Foundation.framework */ = {isa = PBXFileReference; lastKnownFileType = wrapper.framework; name = Foundation.framework; path = System/Library/Frameworks/Foundation.framework; sourceTree = SDKROOT; };
		43D5319417E42A93001F51DC /* CoreGraphics.framework */ = {isa = PBXFileReference; lastKnownFileType = wrapper.framework; name = CoreGraphics.framework; path = System/Library/Frameworks/CoreGraphics.framework; sourceTree = SDKROOT; };
		43D5319817E42A93001F51DC /* FracCalc-Info.plist */ = {isa = PBXFileReference; lastKnownFileType = text.plist.xml; path = "FracCalc-Info.plist"; sourceTree = "<group>"; };
		43D5319A17E42A93001F51DC /* en */ = {isa = PBXFileReference; lastKnownFileType = text.plist.strings; name = en; path = en.lproj/InfoPlist.strings; sourceTree = "<group>"; };
		43D5319C17E42A93001F51DC /* main.m */ = {isa = PBXFileReference; lastKnownFileType = sourcecode.c.objc; path = main.m; sourceTree = "<group>"; };
		43D5319E17E42A93001F51DC /* FracCalc-Prefix.pch */ = {isa = PBXFileReference; lastKnownFileType = sourcecode.c.h; path = "FracCalc-Prefix.pch"; sourceTree = "<group>"; };
		43D5319F17E42A93001F51DC /* COINSAppDelegate.h */ = {isa = PBXFileReference; lastKnownFileType = sourcecode.c.h; path = COINSAppDelegate.h; sourceTree = "<group>"; };
		43D531A017E42A93001F51DC /* COINSAppDelegate.m */ = {isa = PBXFileReference; lastKnownFileType = sourcecode.c.objc; path = COINSAppDelegate.m; sourceTree = "<group>"; };
		43D531A217E42A93001F51DC /* Default.png */ = {isa = PBXFileReference; lastKnownFileType = image.png; path = Default.png; sourceTree = "<group>"; };
		43D531A417E42A93001F51DC /* Default@2x.png */ = {isa = PBXFileReference; lastKnownFileType = image.png; path = "Default@2x.png"; sourceTree = "<group>"; };
		43D531A617E42A93001F51DC /* Default-568h@2x.png */ = {isa = PBXFileReference; lastKnownFileType = image.png; path = "Default-568h@2x.png"; sourceTree = "<group>"; };
		43D531A917E42A93001F51DC /* en */ = {isa = PBXFileReference; lastKnownFileType = file.storyboard; name = en; path = en.lproj/MainStoryboard_iPhone.storyboard; sourceTree = "<group>"; };
		43D531AC17E42A93001F51DC /* en */ = {isa = PBXFileReference; lastKnownFileType = file.storyboard; name = en; path = en.lproj/MainStoryboard_iPad.storyboard; sourceTree = "<group>"; };
		43D531AE17E42A93001F51DC /* COINSViewController.h */ = {isa = PBXFileReference; lastKnownFileType = sourcecode.c.h; path = COINSViewController.h; sourceTree = "<group>"; };
		43D531AF17E42A93001F51DC /* COINSViewController.m */ = {isa = PBXFileReference; lastKnownFileType = sourcecode.c.objc; path = COINSViewController.m; sourceTree = "<group>"; };
		43D531B617E42B95001F51DC /* COINSFraction.h */ = {isa = PBXFileReference; fileEncoding = 4; lastKnownFileType = sourcecode.c.h; path = COINSFraction.h; sourceTree = "<group>"; };
		43D531B717E42B95001F51DC /* COINSFraction.m */ = {isa = PBXFileReference; fileEncoding = 4; lastKnownFileType = sourcecode.c.objc; path = COINSFraction.m; sourceTree = "<group>"; };
		82CB385817FA8BCD00BA07B1 /* COINSFracState.h */ = {isa = PBXFileReference; fileEncoding = 4; lastKnownFileType = sourcecode.c.h; path = COINSFracState.h; sourceTree = "<group>"; };
		82CB385917FA8BCD00BA07B1 /* COINSFracState.m */ = {isa = PBXFileReference; fileEncoding = 4; lastKnownFileType = sourcecode.c.objc; path = COINSFracState.m; sourceTree = "<group>"; };
		82CB385E17FBB3E900BA07B1 /* COINSFracContext.h */ = {isa = PBXFileReference; fileEncoding = 4; lastKnownFileType = sourcecode.c.h; path = COINSFracContext.h; sourceTree = "<group>"; };
		82CB385F17FBB3E900BA07B1 /* COINSFracContext.m */ = {isa = PBXFileReference; fileEncoding = 4; lastKnownFileType = sourcecode.c.objc; path = COINSFracContext.m; sourceTree = "<group>"; };
		82CB386117FBB74B00BA07B1 /* COINSNumeState.h */ = {isa = PBXFileReference; fileEncoding = 4; lastKnownFileType = sourcecode.c.h; path = COINSNumeState.h; sourceTree = "<group>"; };
		82CB386217FBB74B00BA07B1 /* COINSNumeState.m */ = {isa = PBXFileReference; fileEncoding = 4; lastKnownFileType = sourcecode.c.objc; path = COINSNumeState.m; sourceTree = "<group>"; };
		82CB386417FBB79200BA07B1 /* COINSDenoState.h */ = {isa = PBXFileReference; fileEncoding = 4; lastKnownFileType = sourcecode.c.h; path = COINSDenoState.h; sourceTree = "<group>"; };
		82CB386517FBB79200BA07B1 /* COINSDenoState.m */ = {isa = PBXFileReference; fileEncoding = 4; lastKnownFileType = sourcecode.c.objc; path = COINSDenoState.m; sourceTree = "<group>"; };
		82CB386717FBB7AB00BA07B1 /* COINSPostCalcState.h */ = {isa = PBXFileReference; fileEncoding = 4; lastKnownFileType = sourcecode.c.h; path = COINSPostCalcState.h; sourceTree = "<group>"; };
		82CB386817FBB7AB00BA07B1 /* COINSPostCalcState.m */ = {isa = PBXFileReference; fileEncoding = 4; lastKnownFileType = sourcecode.c.objc; path = COINSPostCalcState.m; sourceTree = "<group>"; };
		82D0AEC2181A050F00946CB8 /* COINSFracLabel.h */ = {isa = PBXFileReference; fileEncoding = 4; lastKnownFileType = sourcecode.c.h; path = COINSFracLabel.h; sourceTree = "<group>"; };
		82D0AEC3181A050F00946CB8 /* COINSFracLabel.m */ = {isa = PBXFileReference; fileEncoding = 4; lastKnownFileType = sourcecode.c.objc; path = COINSFracLabel.m; sourceTree = "<group>"; };
		82D9AAC118222901002D3158 /* COINSKeyboard.h */ = {isa = PBXFileReference; fileEncoding = 4; lastKnownFileType = sourcecode.c.h; name = COINSKeyboard.h; path = ../COINSKeyboard.h; sourceTree = "<group>"; };
		82D9AAC218222901002D3158 /* COINSKeyboard.m */ = {isa = PBXFileReference; fileEncoding = 4; lastKnownFileType = sourcecode.c.objc; name = COINSKeyboard.m; path = ../COINSKeyboard.m; sourceTree = "<group>"; };
/* End PBXFileReference section */

/* Begin PBXFrameworksBuildPhase section */
		43D5318A17E42A93001F51DC /* Frameworks */ = {
			isa = PBXFrameworksBuildPhase;
			buildActionMask = 2147483647;
			files = (
				43D5319117E42A93001F51DC /* UIKit.framework in Frameworks */,
				43D5319317E42A93001F51DC /* Foundation.framework in Frameworks */,
				43D5319517E42A93001F51DC /* CoreGraphics.framework in Frameworks */,
			);
			runOnlyForDeploymentPostprocessing = 0;
		};
/* End PBXFrameworksBuildPhase section */

/* Begin PBXGroup section */
		43B9112B17E6036D0030A3CE /* Controller */ = {
			isa = PBXGroup;
			children = (
				43D5319F17E42A93001F51DC /* COINSAppDelegate.h */,
				43D531A017E42A93001F51DC /* COINSAppDelegate.m */,
				43D531AE17E42A93001F51DC /* COINSViewController.h */,
				43D531AF17E42A93001F51DC /* COINSViewController.m */,
			);
			name = Controller;
			sourceTree = "<group>";
		};
		43B9112C17E603770030A3CE /* View */ = {
			isa = PBXGroup;
			children = (
				82D9AAC118222901002D3158 /* COINSKeyboard.h */,
				82D9AAC218222901002D3158 /* COINSKeyboard.m */,
				82D0AEC2181A050F00946CB8 /* COINSFracLabel.h */,
				82D0AEC3181A050F00946CB8 /* COINSFracLabel.m */,
			);
			name = View;
			sourceTree = "<group>";
		};
		43B9112D17E6037F0030A3CE /* Model */ = {
			isa = PBXGroup;
			children = (
				43B9113117E6B0600030A3CE /* StateMachine */,
				43D531B617E42B95001F51DC /* COINSFraction.h */,
				43D531B717E42B95001F51DC /* COINSFraction.m */,
				43B9112E17E6A9C80030A3CE /* COINSMixedFraction.h */,
				43B9112F17E6A9C80030A3CE /* COINSMixedFraction.m */,
			);
			name = Model;
			sourceTree = "<group>";
		};
		43B9113117E6B0600030A3CE /* StateMachine */ = {
			isa = PBXGroup;
			children = (
				82CB385E17FBB3E900BA07B1 /* COINSFracContext.h */,
				82CB385F17FBB3E900BA07B1 /* COINSFracContext.m */,
				82CB385817FA8BCD00BA07B1 /* COINSFracState.h */,
				82CB385917FA8BCD00BA07B1 /* COINSFracState.m */,
				82CB386117FBB74B00BA07B1 /* COINSNumeState.h */,
				82CB386217FBB74B00BA07B1 /* COINSNumeState.m */,
				82CB386417FBB79200BA07B1 /* COINSDenoState.h */,
				82CB386517FBB79200BA07B1 /* COINSDenoState.m */,
				82CB386717FBB7AB00BA07B1 /* COINSPostCalcState.h */,
				82CB386817FBB7AB00BA07B1 /* COINSPostCalcState.m */,
			);
			name = StateMachine;
			sourceTree = "<group>";
		};
		43D5318417E42A93001F51DC = {
			isa = PBXGroup;
			children = (
				43D5319617E42A93001F51DC /* FracCalc */,
				43D5318F17E42A93001F51DC /* Frameworks */,
				43D5318E17E42A93001F51DC /* Products */,
			);
			sourceTree = "<group>";
		};
		43D5318E17E42A93001F51DC /* Products */ = {
			isa = PBXGroup;
			children = (
				43D5318D17E42A93001F51DC /* FracCalc.app */,
			);
			name = Products;
			sourceTree = "<group>";
		};
		43D5318F17E42A93001F51DC /* Frameworks */ = {
			isa = PBXGroup;
			children = (
				43D5319017E42A93001F51DC /* UIKit.framework */,
				43D5319217E42A93001F51DC /* Foundation.framework */,
				43D5319417E42A93001F51DC /* CoreGraphics.framework */,
			);
			name = Frameworks;
			sourceTree = "<group>";
		};
		43D5319617E42A93001F51DC /* FracCalc */ = {
			isa = PBXGroup;
			children = (
				43B9112D17E6037F0030A3CE /* Model */,
				43B9112C17E603770030A3CE /* View */,
				43B9112B17E6036D0030A3CE /* Controller */,
				43D531A817E42A93001F51DC /* MainStoryboard_iPhone.storyboard */,
				43D531AB17E42A93001F51DC /* MainStoryboard_iPad.storyboard */,
				43D5319717E42A93001F51DC /* Supporting Files */,
			);
			path = FracCalc;
			sourceTree = "<group>";
		};
		43D5319717E42A93001F51DC /* Supporting Files */ = {
			isa = PBXGroup;
			children = (
				43D5319817E42A93001F51DC /* FracCalc-Info.plist */,
				43D5319917E42A93001F51DC /* InfoPlist.strings */,
				43D5319C17E42A93001F51DC /* main.m */,
				43D5319E17E42A93001F51DC /* FracCalc-Prefix.pch */,
				43D531A217E42A93001F51DC /* Default.png */,
				43D531A417E42A93001F51DC /* Default@2x.png */,
				43D531A617E42A93001F51DC /* Default-568h@2x.png */,
			);
			name = "Supporting Files";
			sourceTree = "<group>";
		};
/* End PBXGroup section */

/* Begin PBXNativeTarget section */
		43D5318C17E42A93001F51DC /* FracCalc */ = {
			isa = PBXNativeTarget;
			buildConfigurationList = 43D531B317E42A93001F51DC /* Build configuration list for PBXNativeTarget "FracCalc" */;
			buildPhases = (
				43D5318917E42A93001F51DC /* Sources */,
				43D5318A17E42A93001F51DC /* Frameworks */,
				43D5318B17E42A93001F51DC /* Resources */,
			);
			buildRules = (
			);
			dependencies = (
			);
			name = FracCalc;
			productName = FracCalc;
			productReference = 43D5318D17E42A93001F51DC /* FracCalc.app */;
			productType = "com.apple.product-type.application";
		};
/* End PBXNativeTarget section */

/* Begin PBXProject section */
		43D5318517E42A93001F51DC /* Project object */ = {
			isa = PBXProject;
			attributes = {
				CLASSPREFIX = COINS;
				LastUpgradeCheck = 0460;
				ORGANIZATIONNAME = "COINS Project AID";
				TargetAttributes = {
					43D5318C17E42A93001F51DC = {
						DevelopmentTeam = RM3N4N4RRF;
					};
				};
			};
			buildConfigurationList = 43D5318817E42A93001F51DC /* Build configuration list for PBXProject "FracCalc" */;
			compatibilityVersion = "Xcode 3.2";
			developmentRegion = English;
			hasScannedForEncodings = 0;
			knownRegions = (
				en,
			);
			mainGroup = 43D5318417E42A93001F51DC;
			productRefGroup = 43D5318E17E42A93001F51DC /* Products */;
			projectDirPath = "";
			projectRoot = "";
			targets = (
				43D5318C17E42A93001F51DC /* FracCalc */,
			);
		};
/* End PBXProject section */

/* Begin PBXResourcesBuildPhase section */
		43D5318B17E42A93001F51DC /* Resources */ = {
			isa = PBXResourcesBuildPhase;
			buildActionMask = 2147483647;
			files = (
				43D5319B17E42A93001F51DC /* InfoPlist.strings in Resources */,
				43D531A317E42A93001F51DC /* Default.png in Resources */,
				43D531A517E42A93001F51DC /* Default@2x.png in Resources */,
				43D531A717E42A93001F51DC /* Default-568h@2x.png in Resources */,
				43D531AA17E42A93001F51DC /* MainStoryboard_iPhone.storyboard in Resources */,
				43D531AD17E42A93001F51DC /* MainStoryboard_iPad.storyboard in Resources */,
			);
			runOnlyForDeploymentPostprocessing = 0;
		};
/* End PBXResourcesBuildPhase section */

/* Begin PBXSourcesBuildPhase section */
		43D5318917E42A93001F51DC /* Sources */ = {
			isa = PBXSourcesBuildPhase;
			buildActionMask = 2147483647;
			files = (
				82CB385A17FA8BCD00BA07B1 /* COINSFracState.m in Sources */,
				43D5319D17E42A93001F51DC /* main.m in Sources */,
				82CB386917FBB7AB00BA07B1 /* COINSPostCalcState.m in Sources */,
				82CB386017FBB3E900BA07B1 /* COINSFracContext.m in Sources */,
				43D531A117E42A93001F51DC /* COINSAppDelegate.m in Sources */,
				43D531B017E42A93001F51DC /* COINSViewController.m in Sources */,
				82CB386317FBB74B00BA07B1 /* COINSNumeState.m in Sources */,
				82D9AAC318222901002D3158 /* COINSKeyboard.m in Sources */,
				43D531B817E42B95001F51DC /* COINSFraction.m in Sources */,
				82CB386617FBB79200BA07B1 /* COINSDenoState.m in Sources */,
				43B9113017E6A9C80030A3CE /* COINSMixedFraction.m in Sources */,
				82D0AEC4181A050F00946CB8 /* COINSFracLabel.m in Sources */,
			);
			runOnlyForDeploymentPostprocessing = 0;
		};
/* End PBXSourcesBuildPhase section */

/* Begin PBXVariantGroup section */
		43D5319917E42A93001F51DC /* InfoPlist.strings */ = {
			isa = PBXVariantGroup;
			children = (
				43D5319A17E42A93001F51DC /* en */,
			);
			name = InfoPlist.strings;
			sourceTree = "<group>";
		};
		43D531A817E42A93001F51DC /* MainStoryboard_iPhone.storyboard */ = {
			isa = PBXVariantGroup;
			children = (
				43D531A917E42A93001F51DC /* en */,
			);
			name = MainStoryboard_iPhone.storyboard;
			sourceTree = "<group>";
		};
		43D531AB17E42A93001F51DC /* MainStoryboard_iPad.storyboard */ = {
			isa = PBXVariantGroup;
			children = (
				43D531AC17E42A93001F51DC /* en */,
			);
			name = MainStoryboard_iPad.storyboard;
			sourceTree = "<group>";
		};
/* End PBXVariantGroup section */

/* Begin XCBuildConfiguration section */
		43D531B117E42A93001F51DC /* Debug */ = {
			isa = XCBuildConfiguration;
			buildSettings = {
				ALWAYS_SEARCH_USER_PATHS = NO;
				CLANG_CXX_LANGUAGE_STANDARD = "gnu++0x";
				CLANG_CXX_LIBRARY = "libc++";
				CLANG_ENABLE_OBJC_ARC = YES;
				CLANG_WARN_CONSTANT_CONVERSION = YES;
				CLANG_WARN_EMPTY_BODY = YES;
				CLANG_WARN_ENUM_CONVERSION = YES;
				CLANG_WARN_INT_CONVERSION = YES;
				CLANG_WARN__DUPLICATE_METHOD_MATCH = YES;
				"CODE_SIGN_IDENTITY[sdk=iphoneos*]" = "iPhone Developer";
				COPY_PHASE_STRIP = NO;
				GCC_C_LANGUAGE_STANDARD = gnu99;
				GCC_DYNAMIC_NO_PIC = NO;
				GCC_OPTIMIZATION_LEVEL = 0;
				GCC_PREPROCESSOR_DEFINITIONS = (
					"DEBUG=1",
					"$(inherited)",
				);
				GCC_SYMBOLS_PRIVATE_EXTERN = NO;
				GCC_WARN_ABOUT_RETURN_TYPE = YES;
				GCC_WARN_UNINITIALIZED_AUTOS = YES;
				GCC_WARN_UNUSED_VARIABLE = YES;
				IPHONEOS_DEPLOYMENT_TARGET = 6.1;
				ONLY_ACTIVE_ARCH = YES;
				SDKROOT = iphoneos;
				TARGETED_DEVICE_FAMILY = "1,2";
			};
			name = Debug;
		};
		43D531B217E42A93001F51DC /* Release */ = {
			isa = XCBuildConfiguration;
			buildSettings = {
				ALWAYS_SEARCH_USER_PATHS = NO;
				CLANG_CXX_LANGUAGE_STANDARD = "gnu++0x";
				CLANG_CXX_LIBRARY = "libc++";
				CLANG_ENABLE_OBJC_ARC = YES;
				CLANG_WARN_CONSTANT_CONVERSION = YES;
				CLANG_WARN_EMPTY_BODY = YES;
				CLANG_WARN_ENUM_CONVERSION = YES;
				CLANG_WARN_INT_CONVERSION = YES;
				CLANG_WARN__DUPLICATE_METHOD_MATCH = YES;
				"CODE_SIGN_IDENTITY[sdk=iphoneos*]" = "iPhone Developer";
				COPY_PHASE_STRIP = YES;
				GCC_C_LANGUAGE_STANDARD = gnu99;
				GCC_WARN_ABOUT_RETURN_TYPE = YES;
				GCC_WARN_UNINITIALIZED_AUTOS = YES;
				GCC_WARN_UNUSED_VARIABLE = YES;
				IPHONEOS_DEPLOYMENT_TARGET = 6.1;
				OTHER_CFLAGS = "-DNS_BLOCK_ASSERTIONS=1";
				SDKROOT = iphoneos;
				TARGETED_DEVICE_FAMILY = "1,2";
				VALIDATE_PRODUCT = YES;
			};
			name = Release;
		};
		43D531B417E42A93001F51DC /* Debug */ = {
			isa = XCBuildConfiguration;
			buildSettings = {
				CODE_SIGN_IDENTITY = "iPhone Developer";
				"CODE_SIGN_IDENTITY[sdk=iphoneos*]" = "iPhone Developer";
				GCC_PRECOMPILE_PREFIX_HEADER = YES;
				GCC_PREFIX_HEADER = "FracCalc/FracCalc-Prefix.pch";
				INFOPLIST_FILE = "FracCalc/FracCalc-Info.plist";
				IPHONEOS_DEPLOYMENT_TARGET = 7.0;
				PRODUCT_NAME = "$(TARGET_NAME)";
				PROVISIONING_PROFILE = "";
				WRAPPER_EXTENSION = app;
			};
			name = Debug;
		};
		43D531B517E42A93001F51DC /* Release */ = {
			isa = XCBuildConfiguration;
			buildSettings = {
				CODE_SIGN_IDENTITY = "iPhone Developer";
				"CODE_SIGN_IDENTITY[sdk=iphoneos*]" = "iPhone Developer";
				GCC_PRECOMPILE_PREFIX_HEADER = YES;
				GCC_PREFIX_HEADER = "FracCalc/FracCalc-Prefix.pch";
				INFOPLIST_FILE = "FracCalc/FracCalc-Info.plist";
				IPHONEOS_DEPLOYMENT_TARGET = 7.0;
				PRODUCT_NAME = "$(TARGET_NAME)";
				PROVISIONING_PROFILE = "";
				WRAPPER_EXTENSION = app;
			};
			name = Release;
		};
/* End XCBuildConfiguration section */

/* Begin XCConfigurationList section */
		43D5318817E42A93001F51DC /* Build configuration list for PBXProject "FracCalc" */ = {
			isa = XCConfigurationList;
			buildConfigurations = (
				43D531B117E42A93001F51DC /* Debug */,
				43D531B217E42A93001F51DC /* Release */,
			);
			defaultConfigurationIsVisible = 0;
			defaultConfigurationName = Release;
		};
		43D531B317E42A93001F51DC /* Build configuration list for PBXNativeTarget "FracCalc" */ = {
			isa = XCConfigurationList;
			buildConfigurations = (
				43D531B417E42A93001F51DC /* Debug */,
				43D531B517E42A93001F51DC /* Release */,
			);
			defaultConfigurationIsVisible = 0;
			defaultConfigurationName = Release;
		};
/* End XCConfigurationList section */
	};
	rootObject = 43D5318517E42A93001F51DC /* Project object */;
}
